// !$*UTF8*$!
{
	archiveVersion = 1;
	classes = {
	};
	objectVersion = 55;
	objects = {

/* Begin PBXBuildFile section */
		B4036AB92812A4ED009DAB86 /* MainViewController.xib in Resources */ = {isa = PBXBuildFile; fileRef = B4036AB82812A4ED009DAB86 /* MainViewController.xib */; };
		B4036ABB2812B40D009DAB86 /* Launch Screen.storyboard in Resources */ = {isa = PBXBuildFile; fileRef = B4036ABA2812B40D009DAB86 /* Launch Screen.storyboard */; };
		B4750637280FE35F00CCD831 /* AppDelegate.swift in Sources */ = {isa = PBXBuildFile; fileRef = B4750636280FE35F00CCD831 /* AppDelegate.swift */; };
		B4750639280FE35F00CCD831 /* SceneDelegate.swift in Sources */ = {isa = PBXBuildFile; fileRef = B4750638280FE35F00CCD831 /* SceneDelegate.swift */; };
		B475063B280FE35F00CCD831 /* MainViewController.swift in Sources */ = {isa = PBXBuildFile; fileRef = B475063A280FE35F00CCD831 /* MainViewController.swift */; };
		B4750640280FE36200CCD831 /* Assets.xcassets in Resources */ = {isa = PBXBuildFile; fileRef = B475063F280FE36200CCD831 /* Assets.xcassets */; };
		B475064B280FE41800CCD831 /* ToDo.swift in Sources */ = {isa = PBXBuildFile; fileRef = B475064A280FE41800CCD831 /* ToDo.swift */; };
		B4750650280FF1A700CCD831 /* Base.swift in Sources */ = {isa = PBXBuildFile; fileRef = B475064F280FF1A700CCD831 /* Base.swift */; };
		B4750657280FF26700CCD831 /* Extensions.swift in Sources */ = {isa = PBXBuildFile; fileRef = B4750656280FF26700CCD831 /* Extensions.swift */; };
		B4750667280FF44F00CCD831 /* Libraries.swift in Sources */ = {isa = PBXBuildFile; fileRef = B4750666280FF44F00CCD831 /* Libraries.swift */; };
		B475066B280FF47400CCD831 /* Servies.swift in Sources */ = {isa = PBXBuildFile; fileRef = B475066A280FF47400CCD831 /* Servies.swift */; };
		B475066D280FF48300CCD831 /* Targets.swift in Sources */ = {isa = PBXBuildFile; fileRef = B475066C280FF48300CCD831 /* Targets.swift */; };
		B475067A28100B7D00CCD831 /* AddTodoViewController.swift in Sources */ = {isa = PBXBuildFile; fileRef = B475067828100B7D00CCD831 /* AddTodoViewController.swift */; };
		B475067B28100B7D00CCD831 /* AddTodoViewController.xib in Resources */ = {isa = PBXBuildFile; fileRef = B475067928100B7D00CCD831 /* AddTodoViewController.xib */; };
		B48AA7C1281032B10050C06E /* NSObject+Exts.swift in Sources */ = {isa = PBXBuildFile; fileRef = B48AA7C0281032B10050C06E /* NSObject+Exts.swift */; };
		B48AA7C4281033110050C06E /* BaseViewController.swift in Sources */ = {isa = PBXBuildFile; fileRef = B48AA7C3281033110050C06E /* BaseViewController.swift */; };
		B48AA7C6281033820050C06E /* UIViewController+Exts.swift in Sources */ = {isa = PBXBuildFile; fileRef = B48AA7C5281033820050C06E /* UIViewController+Exts.swift */; };
		B48AA7CE2810CDAC0050C06E /* TodoCell.swift in Sources */ = {isa = PBXBuildFile; fileRef = B48AA7CC2810CDAC0050C06E /* TodoCell.swift */; };
		B48AA7CF2810CDAC0050C06E /* TodoCell.xib in Resources */ = {isa = PBXBuildFile; fileRef = B48AA7CD2810CDAC0050C06E /* TodoCell.xib */; };
		B4B2446B2818D0AB00070449 /* Title.swift in Sources */ = {isa = PBXBuildFile; fileRef = B4B2446A2818D0AB00070449 /* Title.swift */; };
		B4F4FCC82812916B003BB2B9 /* UITableView.swift in Sources */ = {isa = PBXBuildFile; fileRef = B4F4FCC72812916B003BB2B9 /* UITableView.swift */; };
		B4F4FCCA28129A07003BB2B9 /* Enum.swift in Sources */ = {isa = PBXBuildFile; fileRef = B4F4FCC928129A07003BB2B9 /* Enum.swift */; };
/* End PBXBuildFile section */

/* Begin PBXFileReference section */
		B4036AB82812A4ED009DAB86 /* MainViewController.xib */ = {isa = PBXFileReference; lastKnownFileType = file.xib; path = MainViewController.xib; sourceTree = "<group>"; };
		B4036ABA2812B40D009DAB86 /* Launch Screen.storyboard */ = {isa = PBXFileReference; lastKnownFileType = file.storyboard; path = "Launch Screen.storyboard"; sourceTree = "<group>"; };
		B4750633280FE35F00CCD831 /* ToDoList.app */ = {isa = PBXFileReference; explicitFileType = wrapper.application; includeInIndex = 0; path = ToDoList.app; sourceTree = BUILT_PRODUCTS_DIR; };
		B4750636280FE35F00CCD831 /* AppDelegate.swift */ = {isa = PBXFileReference; lastKnownFileType = sourcecode.swift; path = AppDelegate.swift; sourceTree = "<group>"; };
		B4750638280FE35F00CCD831 /* SceneDelegate.swift */ = {isa = PBXFileReference; lastKnownFileType = sourcecode.swift; path = SceneDelegate.swift; sourceTree = "<group>"; };
		B475063A280FE35F00CCD831 /* MainViewController.swift */ = {isa = PBXFileReference; lastKnownFileType = sourcecode.swift; path = MainViewController.swift; sourceTree = "<group>"; };
		B475063F280FE36200CCD831 /* Assets.xcassets */ = {isa = PBXFileReference; lastKnownFileType = folder.assetcatalog; path = Assets.xcassets; sourceTree = "<group>"; };
		B4750644280FE36200CCD831 /* Info.plist */ = {isa = PBXFileReference; lastKnownFileType = text.plist.xml; path = Info.plist; sourceTree = "<group>"; };
		B475064A280FE41800CCD831 /* ToDo.swift */ = {isa = PBXFileReference; lastKnownFileType = sourcecode.swift; path = ToDo.swift; sourceTree = "<group>"; };
		B475064F280FF1A700CCD831 /* Base.swift */ = {isa = PBXFileReference; lastKnownFileType = sourcecode.swift; path = Base.swift; sourceTree = "<group>"; };
		B4750656280FF26700CCD831 /* Extensions.swift */ = {isa = PBXFileReference; lastKnownFileType = sourcecode.swift; path = Extensions.swift; sourceTree = "<group>"; };
		B4750666280FF44F00CCD831 /* Libraries.swift */ = {isa = PBXFileReference; lastKnownFileType = sourcecode.swift; path = Libraries.swift; sourceTree = "<group>"; };
		B475066A280FF47400CCD831 /* Servies.swift */ = {isa = PBXFileReference; lastKnownFileType = sourcecode.swift; path = Servies.swift; sourceTree = "<group>"; };
		B475066C280FF48300CCD831 /* Targets.swift */ = {isa = PBXFileReference; lastKnownFileType = sourcecode.swift; path = Targets.swift; sourceTree = "<group>"; };
		B475067828100B7D00CCD831 /* AddTodoViewController.swift */ = {isa = PBXFileReference; lastKnownFileType = sourcecode.swift; path = AddTodoViewController.swift; sourceTree = "<group>"; };
		B475067928100B7D00CCD831 /* AddTodoViewController.xib */ = {isa = PBXFileReference; lastKnownFileType = file.xib; path = AddTodoViewController.xib; sourceTree = "<group>"; };
		B48AA7C0281032B10050C06E /* NSObject+Exts.swift */ = {isa = PBXFileReference; lastKnownFileType = sourcecode.swift; path = "NSObject+Exts.swift"; sourceTree = "<group>"; };
		B48AA7C3281033110050C06E /* BaseViewController.swift */ = {isa = PBXFileReference; lastKnownFileType = sourcecode.swift; path = BaseViewController.swift; sourceTree = "<group>"; };
		B48AA7C5281033820050C06E /* UIViewController+Exts.swift */ = {isa = PBXFileReference; lastKnownFileType = sourcecode.swift; path = "UIViewController+Exts.swift"; sourceTree = "<group>"; };
		B48AA7CC2810CDAC0050C06E /* TodoCell.swift */ = {isa = PBXFileReference; lastKnownFileType = sourcecode.swift; path = TodoCell.swift; sourceTree = "<group>"; };
		B48AA7CD2810CDAC0050C06E /* TodoCell.xib */ = {isa = PBXFileReference; lastKnownFileType = file.xib; path = TodoCell.xib; sourceTree = "<group>"; };
		B4B2446A2818D0AB00070449 /* Title.swift */ = {isa = PBXFileReference; lastKnownFileType = sourcecode.swift; path = Title.swift; sourceTree = "<group>"; };
		B4F4FCC72812916B003BB2B9 /* UITableView.swift */ = {isa = PBXFileReference; lastKnownFileType = sourcecode.swift; path = UITableView.swift; sourceTree = "<group>"; };
		B4F4FCC928129A07003BB2B9 /* Enum.swift */ = {isa = PBXFileReference; lastKnownFileType = sourcecode.swift; path = Enum.swift; sourceTree = "<group>"; };
/* End PBXFileReference section */

/* Begin PBXFrameworksBuildPhase section */
		B4750630280FE35F00CCD831 /* Frameworks */ = {
			isa = PBXFrameworksBuildPhase;
			buildActionMask = 2147483647;
			files = (
			);
			runOnlyForDeploymentPostprocessing = 0;
		};
/* End PBXFrameworksBuildPhase section */

/* Begin PBXGroup section */
		B475062A280FE35F00CCD831 = {
			isa = PBXGroup;
			children = (
				B4750635280FE35F00CCD831 /* ToDoList */,
				B4750634280FE35F00CCD831 /* Products */,
			);
			sourceTree = "<group>";
		};
		B4750634280FE35F00CCD831 /* Products */ = {
			isa = PBXGroup;
			children = (
				B4750633280FE35F00CCD831 /* ToDoList.app */,
			);
			name = Products;
			sourceTree = "<group>";
		};
		B4750635280FE35F00CCD831 /* ToDoList */ = {
			isa = PBXGroup;
			children = (
				B475064C280FF0D400CCD831 /* AppDelegate */,
				B475064E280FF19400CCD831 /* Base */,
				B4750651280FF1B600CCD831 /* Controller */,
				B4750652280FF1E700CCD831 /* Extensions */,
				B475065B280FF2C200CCD831 /* Helper */,
				B475065C280FF2D200CCD831 /* Libraries */,
				B475064D280FF14000CCD831 /* Model */,
				B475065D280FF2E800CCD831 /* Resources */,
				B475065F280FF35400CCD831 /* Services */,
				B4750660280FF37200CCD831 /* Targets */,
				B4750653280FF20C00CCD831 /* Views */,
			);
			path = ToDoList;
			sourceTree = "<group>";
		};
		B475064C280FF0D400CCD831 /* AppDelegate */ = {
			isa = PBXGroup;
			children = (
				B4750636280FE35F00CCD831 /* AppDelegate.swift */,
				B4750638280FE35F00CCD831 /* SceneDelegate.swift */,
			);
			path = AppDelegate;
			sourceTree = "<group>";
		};
		B475064D280FF14000CCD831 /* Model */ = {
			isa = PBXGroup;
			children = (
				B475064A280FE41800CCD831 /* ToDo.swift */,
				B4B2446A2818D0AB00070449 /* Title.swift */,
			);
			path = Model;
			sourceTree = "<group>";
		};
		B475064E280FF19400CCD831 /* Base */ = {
			isa = PBXGroup;
			children = (
				B48AA7C3281033110050C06E /* BaseViewController.swift */,
				B475064F280FF1A700CCD831 /* Base.swift */,
			);
			path = Base;
			sourceTree = "<group>";
		};
		B4750651280FF1B600CCD831 /* Controller */ = {
			isa = PBXGroup;
			children = (
				B48AA7C8281038300050C06E /* AddTodoList */,
				B48AA7C7281036CA0050C06E /* MainScene */,
			);
			path = Controller;
			sourceTree = "<group>";
		};
		B4750652280FF1E700CCD831 /* Extensions */ = {
			isa = PBXGroup;
			children = (
				B4750656280FF26700CCD831 /* Extensions.swift */,
				B48AA7C0281032B10050C06E /* NSObject+Exts.swift */,
				B48AA7C5281033820050C06E /* UIViewController+Exts.swift */,
				B4F4FCC72812916B003BB2B9 /* UITableView.swift */,
			);
			path = Extensions;
			sourceTree = "<group>";
		};
		B4750653280FF20C00CCD831 /* Views */ = {
			isa = PBXGroup;
			children = (
				B48AA7CB2810CD3C0050C06E /* TodoCell */,
			);
			path = Views;
			sourceTree = "<group>";
		};
		B475065B280FF2C200CCD831 /* Helper */ = {
			isa = PBXGroup;
			children = (
				B4F4FCC928129A07003BB2B9 /* Enum.swift */,
			);
			path = Helper;
			sourceTree = "<group>";
		};
		B475065C280FF2D200CCD831 /* Libraries */ = {
			isa = PBXGroup;
			children = (
				B4750666280FF44F00CCD831 /* Libraries.swift */,
			);
			path = Libraries;
			sourceTree = "<group>";
		};
		B475065D280FF2E800CCD831 /* Resources */ = {
			isa = PBXGroup;
			children = (
				B4750644280FE36200CCD831 /* Info.plist */,
				B475063F280FE36200CCD831 /* Assets.xcassets */,
				B4036ABA2812B40D009DAB86 /* Launch Screen.storyboard */,
			);
			path = Resources;
			sourceTree = "<group>";
		};
		B475065F280FF35400CCD831 /* Services */ = {
			isa = PBXGroup;
			children = (
				B475066A280FF47400CCD831 /* Servies.swift */,
			);
			path = Services;
			sourceTree = "<group>";
		};
		B4750660280FF37200CCD831 /* Targets */ = {
			isa = PBXGroup;
			children = (
				B475066C280FF48300CCD831 /* Targets.swift */,
			);
			path = Targets;
			sourceTree = "<group>";
		};
		B48AA7C7281036CA0050C06E /* MainScene */ = {
			isa = PBXGroup;
			children = (
				B475063A280FE35F00CCD831 /* MainViewController.swift */,
				B4036AB82812A4ED009DAB86 /* MainViewController.xib */,
			);
			path = MainScene;
			sourceTree = "<group>";
		};
		B48AA7C8281038300050C06E /* AddTodoList */ = {
			isa = PBXGroup;
			children = (
				B475067828100B7D00CCD831 /* AddTodoViewController.swift */,
				B475067928100B7D00CCD831 /* AddTodoViewController.xib */,
			);
			path = AddTodoList;
			sourceTree = "<group>";
		};
		B48AA7CB2810CD3C0050C06E /* TodoCell */ = {
			isa = PBXGroup;
			children = (
				B48AA7CC2810CDAC0050C06E /* TodoCell.swift */,
				B48AA7CD2810CDAC0050C06E /* TodoCell.xib */,
			);
			path = TodoCell;
			sourceTree = "<group>";
		};
/* End PBXGroup section */

/* Begin PBXNativeTarget section */
		B4750632280FE35F00CCD831 /* ToDoList */ = {
			isa = PBXNativeTarget;
			buildConfigurationList = B4750647280FE36200CCD831 /* Build configuration list for PBXNativeTarget "ToDoList" */;
			buildPhases = (
				B475062F280FE35F00CCD831 /* Sources */,
				B4750630280FE35F00CCD831 /* Frameworks */,
				B4750631280FE35F00CCD831 /* Resources */,
			);
			buildRules = (
			);
			dependencies = (
			);
			name = ToDoList;
			productName = ToDoList;
			productReference = B4750633280FE35F00CCD831 /* ToDoList.app */;
			productType = "com.apple.product-type.application";
		};
/* End PBXNativeTarget section */

/* Begin PBXProject section */
		B475062B280FE35F00CCD831 /* Project object */ = {
			isa = PBXProject;
			attributes = {
				BuildIndependentTargetsInParallel = 1;
				LastSwiftUpdateCheck = 1320;
				LastUpgradeCheck = 1320;
				TargetAttributes = {
					B4750632280FE35F00CCD831 = {
						CreatedOnToolsVersion = 13.2.1;
					};
				};
			};
			buildConfigurationList = B475062E280FE35F00CCD831 /* Build configuration list for PBXProject "ToDoList" */;
			compatibilityVersion = "Xcode 13.0";
			developmentRegion = en;
			hasScannedForEncodings = 0;
			knownRegions = (
				en,
				Base,
			);
			mainGroup = B475062A280FE35F00CCD831;
			productRefGroup = B4750634280FE35F00CCD831 /* Products */;
			projectDirPath = "";
			projectRoot = "";
			targets = (
				B4750632280FE35F00CCD831 /* ToDoList */,
			);
		};
/* End PBXProject section */

/* Begin PBXResourcesBuildPhase section */
		B4750631280FE35F00CCD831 /* Resources */ = {
			isa = PBXResourcesBuildPhase;
			buildActionMask = 2147483647;
			files = (
				B4036ABB2812B40D009DAB86 /* Launch Screen.storyboard in Resources */,
				B475067B28100B7D00CCD831 /* AddTodoViewController.xib in Resources */,
				B4036AB92812A4ED009DAB86 /* MainViewController.xib in Resources */,
				B4750640280FE36200CCD831 /* Assets.xcassets in Resources */,
				B48AA7CF2810CDAC0050C06E /* TodoCell.xib in Resources */,
			);
			runOnlyForDeploymentPostprocessing = 0;
		};
/* End PBXResourcesBuildPhase section */

/* Begin PBXSourcesBuildPhase section */
		B475062F280FE35F00CCD831 /* Sources */ = {
			isa = PBXSourcesBuildPhase;
			buildActionMask = 2147483647;
			files = (
				B475063B280FE35F00CCD831 /* MainViewController.swift in Sources */,
				B4B2446B2818D0AB00070449 /* Title.swift in Sources */,
				B475066B280FF47400CCD831 /* Servies.swift in Sources */,
				B48AA7C6281033820050C06E /* UIViewController+Exts.swift in Sources */,
				B4750637280FE35F00CCD831 /* AppDelegate.swift in Sources */,
				B48AA7C4281033110050C06E /* BaseViewController.swift in Sources */,
				B4F4FCC82812916B003BB2B9 /* UITableView.swift in Sources */,
				B4750650280FF1A700CCD831 /* Base.swift in Sources */,
				B48AA7C1281032B10050C06E /* NSObject+Exts.swift in Sources */,
				B475066D280FF48300CCD831 /* Targets.swift in Sources */,
				B475067A28100B7D00CCD831 /* AddTodoViewController.swift in Sources */,
				B4750639280FE35F00CCD831 /* SceneDelegate.swift in Sources */,
				B475064B280FE41800CCD831 /* ToDo.swift in Sources */,
				B4750667280FF44F00CCD831 /* Libraries.swift in Sources */,
				B4F4FCCA28129A07003BB2B9 /* Enum.swift in Sources */,
				B48AA7CE2810CDAC0050C06E /* TodoCell.swift in Sources */,
				B4750657280FF26700CCD831 /* Extensions.swift in Sources */,
			);
			runOnlyForDeploymentPostprocessing = 0;
		};
/* End PBXSourcesBuildPhase section */

/* Begin XCBuildConfiguration section */
		B4750645280FE36200CCD831 /* Debug */ = {
			isa = XCBuildConfiguration;
			buildSettings = {
				ALWAYS_SEARCH_USER_PATHS = NO;
				CLANG_ANALYZER_NONNULL = YES;
				CLANG_ANALYZER_NUMBER_OBJECT_CONVERSION = YES_AGGRESSIVE;
				CLANG_CXX_LANGUAGE_STANDARD = "gnu++17";
				CLANG_CXX_LIBRARY = "libc++";
				CLANG_ENABLE_MODULES = YES;
				CLANG_ENABLE_OBJC_ARC = YES;
				CLANG_ENABLE_OBJC_WEAK = YES;
				CLANG_WARN_BLOCK_CAPTURE_AUTORELEASING = YES;
				CLANG_WARN_BOOL_CONVERSION = YES;
				CLANG_WARN_COMMA = YES;
				CLANG_WARN_CONSTANT_CONVERSION = YES;
				CLANG_WARN_DEPRECATED_OBJC_IMPLEMENTATIONS = YES;
				CLANG_WARN_DIRECT_OBJC_ISA_USAGE = YES_ERROR;
				CLANG_WARN_DOCUMENTATION_COMMENTS = YES;
				CLANG_WARN_EMPTY_BODY = YES;
				CLANG_WARN_ENUM_CONVERSION = YES;
				CLANG_WARN_INFINITE_RECURSION = YES;
				CLANG_WARN_INT_CONVERSION = YES;
				CLANG_WARN_NON_LITERAL_NULL_CONVERSION = YES;
				CLANG_WARN_OBJC_IMPLICIT_RETAIN_SELF = YES;
				CLANG_WARN_OBJC_LITERAL_CONVERSION = YES;
				CLANG_WARN_OBJC_ROOT_CLASS = YES_ERROR;
				CLANG_WARN_QUOTED_INCLUDE_IN_FRAMEWORK_HEADER = YES;
				CLANG_WARN_RANGE_LOOP_ANALYSIS = YES;
				CLANG_WARN_STRICT_PROTOTYPES = YES;
				CLANG_WARN_SUSPICIOUS_MOVE = YES;
				CLANG_WARN_UNGUARDED_AVAILABILITY = YES_AGGRESSIVE;
				CLANG_WARN_UNREACHABLE_CODE = YES;
				CLANG_WARN__DUPLICATE_METHOD_MATCH = YES;
				COPY_PHASE_STRIP = NO;
				DEBUG_INFORMATION_FORMAT = dwarf;
				ENABLE_STRICT_OBJC_MSGSEND = YES;
				ENABLE_TESTABILITY = YES;
				GCC_C_LANGUAGE_STANDARD = gnu11;
				GCC_DYNAMIC_NO_PIC = NO;
				GCC_NO_COMMON_BLOCKS = YES;
				GCC_OPTIMIZATION_LEVEL = 0;
				GCC_PREPROCESSOR_DEFINITIONS = (
					"DEBUG=1",
					"$(inherited)",
				);
				GCC_WARN_64_TO_32_BIT_CONVERSION = YES;
				GCC_WARN_ABOUT_RETURN_TYPE = YES_ERROR;
				GCC_WARN_UNDECLARED_SELECTOR = YES;
				GCC_WARN_UNINITIALIZED_AUTOS = YES_AGGRESSIVE;
				GCC_WARN_UNUSED_FUNCTION = YES;
				GCC_WARN_UNUSED_VARIABLE = YES;
				IPHONEOS_DEPLOYMENT_TARGET = 15.2;
				MTL_ENABLE_DEBUG_INFO = INCLUDE_SOURCE;
				MTL_FAST_MATH = YES;
				ONLY_ACTIVE_ARCH = YES;
				SDKROOT = iphoneos;
				SWIFT_ACTIVE_COMPILATION_CONDITIONS = DEBUG;
				SWIFT_OPTIMIZATION_LEVEL = "-Onone";
			};
			name = Debug;
		};
		B4750646280FE36200CCD831 /* Release */ = {
			isa = XCBuildConfiguration;
			buildSettings = {
				ALWAYS_SEARCH_USER_PATHS = NO;
				CLANG_ANALYZER_NONNULL = YES;
				CLANG_ANALYZER_NUMBER_OBJECT_CONVERSION = YES_AGGRESSIVE;
				CLANG_CXX_LANGUAGE_STANDARD = "gnu++17";
				CLANG_CXX_LIBRARY = "libc++";
				CLANG_ENABLE_MODULES = YES;
				CLANG_ENABLE_OBJC_ARC = YES;
				CLANG_ENABLE_OBJC_WEAK = YES;
				CLANG_WARN_BLOCK_CAPTURE_AUTORELEASING = YES;
				CLANG_WARN_BOOL_CONVERSION = YES;
				CLANG_WARN_COMMA = YES;
				CLANG_WARN_CONSTANT_CONVERSION = YES;
				CLANG_WARN_DEPRECATED_OBJC_IMPLEMENTATIONS = YES;
				CLANG_WARN_DIRECT_OBJC_ISA_USAGE = YES_ERROR;
				CLANG_WARN_DOCUMENTATION_COMMENTS = YES;
				CLANG_WARN_EMPTY_BODY = YES;
				CLANG_WARN_ENUM_CONVERSION = YES;
				CLANG_WARN_INFINITE_RECURSION = YES;
				CLANG_WARN_INT_CONVERSION = YES;
				CLANG_WARN_NON_LITERAL_NULL_CONVERSION = YES;
				CLANG_WARN_OBJC_IMPLICIT_RETAIN_SELF = YES;
				CLANG_WARN_OBJC_LITERAL_CONVERSION = YES;
				CLANG_WARN_OBJC_ROOT_CLASS = YES_ERROR;
				CLANG_WARN_QUOTED_INCLUDE_IN_FRAMEWORK_HEADER = YES;
				CLANG_WARN_RANGE_LOOP_ANALYSIS = YES;
				CLANG_WARN_STRICT_PROTOTYPES = YES;
				CLANG_WARN_SUSPICIOUS_MOVE = YES;
				CLANG_WARN_UNGUARDED_AVAILABILITY = YES_AGGRESSIVE;
				CLANG_WARN_UNREACHABLE_CODE = YES;
				CLANG_WARN__DUPLICATE_METHOD_MATCH = YES;
				COPY_PHASE_STRIP = NO;
				DEBUG_INFORMATION_FORMAT = "dwarf-with-dsym";
				ENABLE_NS_ASSERTIONS = NO;
				ENABLE_STRICT_OBJC_MSGSEND = YES;
				GCC_C_LANGUAGE_STANDARD = gnu11;
				GCC_NO_COMMON_BLOCKS = YES;
				GCC_WARN_64_TO_32_BIT_CONVERSION = YES;
				GCC_WARN_ABOUT_RETURN_TYPE = YES_ERROR;
				GCC_WARN_UNDECLARED_SELECTOR = YES;
				GCC_WARN_UNINITIALIZED_AUTOS = YES_AGGRESSIVE;
				GCC_WARN_UNUSED_FUNCTION = YES;
				GCC_WARN_UNUSED_VARIABLE = YES;
				IPHONEOS_DEPLOYMENT_TARGET = 15.2;
				MTL_ENABLE_DEBUG_INFO = NO;
				MTL_FAST_MATH = YES;
				SDKROOT = iphoneos;
				SWIFT_COMPILATION_MODE = wholemodule;
				SWIFT_OPTIMIZATION_LEVEL = "-O";
				VALIDATE_PRODUCT = YES;
			};
			name = Release;
		};
		B4750648280FE36200CCD831 /* Debug */ = {
			isa = XCBuildConfiguration;
			buildSettings = {
				ASSETCATALOG_COMPILER_APPICON_NAME = AppIcon;
				ASSETCATALOG_COMPILER_GLOBAL_ACCENT_COLOR_NAME = AccentColor;
				CODE_SIGN_STYLE = Automatic;
				CURRENT_PROJECT_VERSION = 1;
				DEVELOPMENT_TEAM = 4B7C4QH7DZ;
				GENERATE_INFOPLIST_FILE = YES;
				INFOPLIST_FILE = ToDoList/Resources/Info.plist;
				INFOPLIST_KEY_UIApplicationSupportsIndirectInputEvents = YES;
				INFOPLIST_KEY_UILaunchStoryboardName = "Launch Screen";
				INFOPLIST_KEY_UIRequiresFullScreen = YES;
				INFOPLIST_KEY_UISupportedInterfaceOrientations = UIInterfaceOrientationPortrait;
				INFOPLIST_KEY_UISupportedInterfaceOrientations_iPad = "UIInterfaceOrientationPortrait UIInterfaceOrientationPortraitUpsideDown UIInterfaceOrientationLandscapeLeft UIInterfaceOrientationLandscapeRight";
				INFOPLIST_KEY_UISupportedInterfaceOrientations_iPhone = "UIInterfaceOrientationPortrait UIInterfaceOrientationLandscapeLeft UIInterfaceOrientationLandscapeRight";
				LD_RUNPATH_SEARCH_PATHS = (
					"$(inherited)",
					"@executable_path/Frameworks",
				);
				MARKETING_VERSION = 1.0;
				PRODUCT_BUNDLE_IDENTIFIER = "ty-nguyen.ToDoList";
				PRODUCT_NAME = "$(TARGET_NAME)";
				SWIFT_EMIT_LOC_STRINGS = YES;
				SWIFT_VERSION = 5.0;
				TARGETED_DEVICE_FAMILY = "1,2";
			};
			name = Debug;
		};
		B4750649280FE36200CCD831 /* Release */ = {
			isa = XCBuildConfiguration;
			buildSettings = {
				ASSETCATALOG_COMPILER_APPICON_NAME = AppIcon;
				ASSETCATALOG_COMPILER_GLOBAL_ACCENT_COLOR_NAME = AccentColor;
				CODE_SIGN_STYLE = Automatic;
				CURRENT_PROJECT_VERSION = 1;
				DEVELOPMENT_TEAM = 4B7C4QH7DZ;
				GENERATE_INFOPLIST_FILE = YES;
				INFOPLIST_FILE = ToDoList/Resources/Info.plist;
				INFOPLIST_KEY_UIApplicationSupportsIndirectInputEvents = YES;
				INFOPLIST_KEY_UILaunchStoryboardName = "Launch Screen";
				INFOPLIST_KEY_UIRequiresFullScreen = YES;
				INFOPLIST_KEY_UISupportedInterfaceOrientations = UIInterfaceOrientationPortrait;
				INFOPLIST_KEY_UISupportedInterfaceOrientations_iPad = "UIInterfaceOrientationPortrait UIInterfaceOrientationPortraitUpsideDown UIInterfaceOrientationLandscapeLeft UIInterfaceOrientationLandscapeRight";
				INFOPLIST_KEY_UISupportedInterfaceOrientations_iPhone = "UIInterfaceOrientationPortrait UIInterfaceOrientationLandscapeLeft UIInterfaceOrientationLandscapeRight";
				LD_RUNPATH_SEARCH_PATHS = (
					"$(inherited)",
					"@executable_path/Frameworks",
				);
				MARKETING_VERSION = 1.0;
				PRODUCT_BUNDLE_IDENTIFIER = "ty-nguyen.ToDoList";
				PRODUCT_NAME = "$(TARGET_NAME)";
				SWIFT_EMIT_LOC_STRINGS = YES;
				SWIFT_VERSION = 5.0;
				TARGETED_DEVICE_FAMILY = "1,2";
			};
			name = Release;
		};
/* End XCBuildConfiguration section */

/* Begin XCConfigurationList section */
		B475062E280FE35F00CCD831 /* Build configuration list for PBXProject "ToDoList" */ = {
			isa = XCConfigurationList;
			buildConfigurations = (
				B4750645280FE36200CCD831 /* Debug */,
				B4750646280FE36200CCD831 /* Release */,
			);
			defaultConfigurationIsVisible = 0;
			defaultConfigurationName = Release;
		};
		B4750647280FE36200CCD831 /* Build configuration list for PBXNativeTarget "ToDoList" */ = {
			isa = XCConfigurationList;
			buildConfigurations = (
				B4750648280FE36200CCD831 /* Debug */,
				B4750649280FE36200CCD831 /* Release */,
			);
			defaultConfigurationIsVisible = 0;
			defaultConfigurationName = Release;
		};
/* End XCConfigurationList section */
	};
	rootObject = B475062B280FE35F00CCD831 /* Project object */;
}
